
Microsoft Visual Studio Solution File, Format Version 12.00
# Visual Studio 14
VisualStudioVersion = 14.0.25420.1
MinimumVisualStudioVersion = 10.0.40219.1
Project("{FAE04EC0-301F-11D3-BF4B-00C04F79EFBC}") = "YahooDesktop", "YahooDesktop\YahooDesktop.csproj", "{5BA65518-50C2-42BA-8539-5FFC58E3D146}"
EndProject
Project("{FAE04EC0-301F-11D3-BF4B-00C04F79EFBC}") = "YahooFantasyAPI", "YahooFantasyAPI\YahooFantasyAPI.csproj", "{F52432B0-8ED0-4B8B-A868-8D788AC3559B}"
EndProject
Project("{FAE04EC0-301F-11D3-BF4B-00C04F79EFBC}") = "SportsDataAccess", "SportsDataAccess\SportsDataAccess.csproj", "{CD9EB4EE-0A48-4BBE-83B7-009FD4A039D9}"
EndProject
Global
	GlobalSection(SolutionConfigurationPlatforms) = preSolution
		Debug|Any CPU = Debug|Any CPU
		Release|Any CPU = Release|Any CPU
	EndGlobalSection
	GlobalSection(ProjectConfigurationPlatforms) = postSolution
		{5BA65518-50C2-42BA-8539-5FFC58E3D146}.Debug|Any CPU.ActiveCfg = Debug|Any CPU
		{5BA65518-50C2-42BA-8539-5FFC58E3D146}.Debug|Any CPU.Build.0 = Debug|Any CPU
		{5BA65518-50C2-42BA-8539-5FFC58E3D146}.Release|Any CPU.ActiveCfg = Release|Any CPU
		{5BA65518-50C2-42BA-8539-5FFC58E3D146}.Release|Any CPU.Build.0 = Release|Any CPU
		{F52432B0-8ED0-4B8B-A868-8D788AC3559B}.Debug|Any CPU.ActiveCfg = Debug|Any CPU
		{F52432B0-8ED0-4B8B-A868-8D788AC3559B}.Debug|Any CPU.Build.0 = Debug|Any CPU
		{F52432B0-8ED0-4B8B-A868-8D788AC3559B}.Release|Any CPU.ActiveCfg = Release|Any CPU
		{F52432B0-8ED0-4B8B-A868-8D788AC3559B}.Release|Any CPU.Build.0 = Release|Any CPU
		{CD9EB4EE-0A48-4BBE-83B7-009FD4A039D9}.Debug|Any CPU.ActiveCfg = Debug|Any CPU
		{CD9EB4EE-0A48-4BBE-83B7-009FD4A039D9}.Debug|Any CPU.Build.0 = Debug|Any CPU
		{CD9EB4EE-0A48-4BBE-83B7-009FD4A039D9}.Release|Any CPU.ActiveCfg = Release|Any CPU
		{CD9EB4EE-0A48-4BBE-83B7-009FD4A039D9}.Release|Any CPU.Build.0 = Release|Any CPU
	EndGlobalSection
	GlobalSection(SolutionProperties) = preSolution
		HideSolutionNode = FALSE
	EndGlobalSection
EndGlobal
